
Microsoft Visual Studio Solution File, Format Version 12.00
# Visual Studio Version 17
VisualStudioVersion = 17.3.32922.545
MinimumVisualStudioVersion = 10.0.40219.1
Project("{9A19103F-16F7-4668-BE54-9A1E7A4F7556}") = "BingoEngine.Console", "BingoEngine.Console\BingoEngine.Console.csproj", "{7D82B6BC-DB6A-46FF-B753-AFC27404A050}"
EndProject
Project("{9A19103F-16F7-4668-BE54-9A1E7A4F7556}") = "BingoEngine.Core", "BingoEngine.Core\BingoEngine.Core.csproj", "{9FB5A0CE-8866-4537-A956-AC5052337812}"
EndProject
Project("{FAE04EC0-301F-11D3-BF4B-00C04F79EFBC}") = "BingoEngine.Tests", "BingoEngine.Tests\BingoEngine.Tests.csproj", "{A99B9277-49E9-420C-86BB-9A5FE51C8C0E}"
EndProject
Global
	GlobalSection(SolutionConfigurationPlatforms) = preSolution
		Debug|Any CPU = Debug|Any CPU
		Release|Any CPU = Release|Any CPU
	EndGlobalSection
	GlobalSection(ProjectConfigurationPlatforms) = postSolution
		{7D82B6BC-DB6A-46FF-B753-AFC27404A050}.Debug|Any CPU.ActiveCfg = Debug|Any CPU
		{7D82B6BC-DB6A-46FF-B753-AFC27404A050}.Debug|Any CPU.Build.0 = Debug|Any CPU
		{7D82B6BC-DB6A-46FF-B753-AFC27404A050}.Release|Any CPU.ActiveCfg = Release|Any CPU
		{7D82B6BC-DB6A-46FF-B753-AFC27404A050}.Release|Any CPU.Build.0 = Release|Any CPU
		{9FB5A0CE-8866-4537-A956-AC5052337812}.Debug|Any CPU.ActiveCfg = Debug|Any CPU
		{9FB5A0CE-8866-4537-A956-AC5052337812}.Debug|Any CPU.Build.0 = Debug|Any CPU
		{9FB5A0CE-8866-4537-A956-AC5052337812}.Release|Any CPU.ActiveCfg = Release|Any CPU
		{9FB5A0CE-8866-4537-A956-AC5052337812}.Release|Any CPU.Build.0 = Release|Any CPU
		{A99B9277-49E9-420C-86BB-9A5FE51C8C0E}.Debug|Any CPU.ActiveCfg = Debug|Any CPU
		{A99B9277-49E9-420C-86BB-9A5FE51C8C0E}.Debug|Any CPU.Build.0 = Debug|Any CPU
		{A99B9277-49E9-420C-86BB-9A5FE51C8C0E}.Release|Any CPU.ActiveCfg = Release|Any CPU
		{A99B9277-49E9-420C-86BB-9A5FE51C8C0E}.Release|Any CPU.Build.0 = Release|Any CPU
	EndGlobalSection
	GlobalSection(SolutionProperties) = preSolution
		HideSolutionNode = FALSE
	EndGlobalSection
	GlobalSection(ExtensibilityGlobals) = postSolution
		SolutionGuid = {A8F129D3-10B6-4927-99C4-B20A991195D1}
	EndGlobalSection
EndGlobal
